// !$*UTF8*$!
{
	archiveVersion = 1;
	classes = {
	};
	objectVersion = 46;
	objects = {

/* Begin PBXBuildFile section */
		85B969751C33F9CE009F6213 /* ddxdd.m in Sources */ = {isa = PBXBuildFile; fileRef = 85B969741C33F9CE009F6213 /* ddxdd.m */; };
		85F001471C33EFFE00DEE9E5 /* main.m in Sources */ = {isa = PBXBuildFile; fileRef = 85F001461C33EFFE00DEE9E5 /* main.m */; };
		85F0014A1C33EFFE00DEE9E5 /* AppDelegate.m in Sources */ = {isa = PBXBuildFile; fileRef = 85F001491C33EFFE00DEE9E5 /* AppDelegate.m */; };
		85F0014D1C33EFFE00DEE9E5 /* ViewController.m in Sources */ = {isa = PBXBuildFile; fileRef = 85F0014C1C33EFFE00DEE9E5 /* ViewController.m */; };
		85F001501C33EFFE00DEE9E5 /* Main.storyboard in Resources */ = {isa = PBXBuildFile; fileRef = 85F0014E1C33EFFE00DEE9E5 /* Main.storyboard */; };
		85F001521C33EFFE00DEE9E5 /* Assets.xcassets in Resources */ = {isa = PBXBuildFile; fileRef = 85F001511C33EFFE00DEE9E5 /* Assets.xcassets */; };
		85F001551C33EFFE00DEE9E5 /* LaunchScreen.storyboard in Resources */ = {isa = PBXBuildFile; fileRef = 85F001531C33EFFE00DEE9E5 /* LaunchScreen.storyboard */; };
/* End PBXBuildFile section */

/* Begin PBXFileReference section */
		85B969731C33F9CE009F6213 /* ddxdd.h */ = {isa = PBXFileReference; fileEncoding = 4; lastKnownFileType = sourcecode.c.h; path = ddxdd.h; sourceTree = "<group>"; };
		85B969741C33F9CE009F6213 /* ddxdd.m */ = {isa = PBXFileReference; fileEncoding = 4; lastKnownFileType = sourcecode.c.objc; path = ddxdd.m; sourceTree = "<group>"; };
		85F001421C33EFFE00DEE9E5 /* yi.app */ = {isa = PBXFileReference; explicitFileType = wrapper.application; includeInIndex = 0; path = yi.app; sourceTree = BUILT_PRODUCTS_DIR; };
		85F001461C33EFFE00DEE9E5 /* main.m */ = {isa = PBXFileReference; lastKnownFileType = sourcecode.c.objc; path = main.m; sourceTree = "<group>"; };
		85F001481C33EFFE00DEE9E5 /* AppDelegate.h */ = {isa = PBXFileReference; lastKnownFileType = sourcecode.c.h; path = AppDelegate.h; sourceTree = "<group>"; };
		85F001491C33EFFE00DEE9E5 /* AppDelegate.m */ = {isa = PBXFileReference; lastKnownFileType = sourcecode.c.objc; path = AppDelegate.m; sourceTree = "<group>"; };
		85F0014B1C33EFFE00DEE9E5 /* ViewController.h */ = {isa = PBXFileReference; lastKnownFileType = sourcecode.c.h; path = ViewController.h; sourceTree = "<group>"; };
		85F0014C1C33EFFE00DEE9E5 /* ViewController.m */ = {isa = PBXFileReference; lastKnownFileType = sourcecode.c.objc; path = ViewController.m; sourceTree = "<group>"; };
		85F0014F1C33EFFE00DEE9E5 /* Base */ = {isa = PBXFileReference; lastKnownFileType = file.storyboard; name = Base; path = Base.lproj/Main.storyboard; sourceTree = "<group>"; };
		85F001511C33EFFE00DEE9E5 /* Assets.xcassets */ = {isa = PBXFileReference; lastKnownFileType = folder.assetcatalog; path = Assets.xcassets; sourceTree = "<group>"; };
		85F001541C33EFFE00DEE9E5 /* Base */ = {isa = PBXFileReference; lastKnownFileType = file.storyboard; name = Base; path = Base.lproj/LaunchScreen.storyboard; sourceTree = "<group>"; };
		85F001561C33EFFE00DEE9E5 /* Info.plist */ = {isa = PBXFileReference; lastKnownFileType = text.plist.xml; path = Info.plist; sourceTree = "<group>"; };
/* End PBXFileReference section */

/* Begin PBXFrameworksBuildPhase section */
		85F0013F1C33EFFE00DEE9E5 /* Frameworks */ = {
			isa = PBXFrameworksBuildPhase;
			buildActionMask = 2147483647;
			files = (
			);
			runOnlyForDeploymentPostprocessing = 0;
		};
/* End PBXFrameworksBuildPhase section */

/* Begin PBXGroup section */
		85F001391C33EFFE00DEE9E5 = {
			isa = PBXGroup;
			children = (
				85F001441C33EFFE00DEE9E5 /* yi */,
				85F001431C33EFFE00DEE9E5 /* Products */,
			);
			sourceTree = "<group>";
		};
		85F001431C33EFFE00DEE9E5 /* Products */ = {
			isa = PBXGroup;
			children = (
				85F001421C33EFFE00DEE9E5 /* yi.app */,
			);
			name = Products;
			sourceTree = "<group>";
		};
		85F001441C33EFFE00DEE9E5 /* yi */ = {
			isa = PBXGroup;
			children = (
				85F001481C33EFFE00DEE9E5 /* AppDelegate.h */,
				85F001491C33EFFE00DEE9E5 /* AppDelegate.m */,
				85F0014B1C33EFFE00DEE9E5 /* ViewController.h */,
				85F0014C1C33EFFE00DEE9E5 /* ViewController.m */,
				85B969731C33F9CE009F6213 /* ddxdd.h */,
				85B969741C33F9CE009F6213 /* ddxdd.m */,
				85F0014E1C33EFFE00DEE9E5 /* Main.storyboard */,
				85F001511C33EFFE00DEE9E5 /* Assets.xcassets */,
				85F001531C33EFFE00DEE9E5 /* LaunchScreen.storyboard */,
				85F001561C33EFFE00DEE9E5 /* Info.plist */,
				85F001451C33EFFE00DEE9E5 /* Supporting Files */,
			);
			path = yi;
			sourceTree = "<group>";
		};
		85F001451C33EFFE00DEE9E5 /* Supporting Files */ = {
			isa = PBXGroup;
			children = (
				85F001461C33EFFE00DEE9E5 /* main.m */,
			);
			name = "Supporting Files";
			sourceTree = "<group>";
		};
/* End PBXGroup section */

/* Begin PBXNativeTarget section */
		85F001411C33EFFE00DEE9E5 /* yi */ = {
			isa = PBXNativeTarget;
			buildConfigurationList = 85F001591C33EFFE00DEE9E5 /* Build configuration list for PBXNativeTarget "yi" */;
			buildPhases = (
				85F0013E1C33EFFE00DEE9E5 /* Sources */,
				85F0013F1C33EFFE00DEE9E5 /* Frameworks */,
				85F001401C33EFFE00DEE9E5 /* Resources */,
			);
			buildRules = (
			);
			dependencies = (
			);
			name = yi;
			productName = yi;
			productReference = 85F001421C33EFFE00DEE9E5 /* yi.app */;
			productType = "com.apple.product-type.application";
		};
/* End PBXNativeTarget section */

/* Begin PBXProject section */
		85F0013A1C33EFFE00DEE9E5 /* Project object */ = {
			isa = PBXProject;
			attributes = {
				LastUpgradeCheck = 0710;
				ORGANIZATIONNAME = tarena;
				TargetAttributes = {
					85F001411C33EFFE00DEE9E5 = {
						CreatedOnToolsVersion = 7.1;
					};
				};
			};
			buildConfigurationList = 85F0013D1C33EFFE00DEE9E5 /* Build configuration list for PBXProject "yi" */;
			compatibilityVersion = "Xcode 3.2";
			developmentRegion = English;
			hasScannedForEncodings = 0;
			knownRegions = (
				en,
				Base,
			);
			mainGroup = 85F001391C33EFFE00DEE9E5;
			productRefGroup = 85F001431C33EFFE00DEE9E5 /* Products */;
			projectDirPath = "";
			projectRoot = "";
			targets = (
				85F001411C33EFFE00DEE9E5 /* yi */,
			);
		};
/* End PBXProject section */

/* Begin PBXResourcesBuildPhase section */
		85F001401C33EFFE00DEE9E5 /* Resources */ = {
			isa = PBXResourcesBuildPhase;
			buildActionMask = 2147483647;
			files = (
				85F001551C33EFFE00DEE9E5 /* LaunchScreen.storyboard in Resources */,
				85F001521C33EFFE00DEE9E5 /* Assets.xcassets in Resources */,
				85F001501C33EFFE00DEE9E5 /* Main.storyboard in Resources */,
			);
			runOnlyForDeploymentPostprocessing = 0;
		};
/* End PBXResourcesBuildPhase section */

/* Begin PBXSourcesBuildPhase section */
		85F0013E1C33EFFE00DEE9E5 /* Sources */ = {
			isa = PBXSourcesBuildPhase;
			buildActionMask = 2147483647;
			files = (
				85F0014D1C33EFFE00DEE9E5 /* ViewController.m in Sources */,
				85F0014A1C33EFFE00DEE9E5 /* AppDelegate.m in Sources */,
				85B969751C33F9CE009F6213 /* ddxdd.m in Sources */,
				85F001471C33EFFE00DEE9E5 /* main.m in Sources */,
			);
			runOnlyForDeploymentPostprocessing = 0;
		};
/* End PBXSourcesBuildPhase section */

/* Begin PBXVariantGroup section */
		85F0014E1C33EFFE00DEE9E5 /* Main.storyboard */ = {
			isa = PBXVariantGroup;
			children = (
				85F0014F1C33EFFE00DEE9E5 /* Base */,
			);
			name = Main.storyboard;
			sourceTree = "<group>";
		};
		85F001531C33EFFE00DEE9E5 /* LaunchScreen.storyboard */ = {
			isa = PBXVariantGroup;
			children = (
				85F001541C33EFFE00DEE9E5 /* Base */,
			);
			name = LaunchScreen.storyboard;
			sourceTree = "<group>";
		};
/* End PBXVariantGroup section */

/* Begin XCBuildConfiguration section */
		85F001571C33EFFE00DEE9E5 /* Debug */ = {
			isa = XCBuildConfiguration;
			buildSettings = {
				ALWAYS_SEARCH_USER_PATHS = NO;
				CLANG_CXX_LANGUAGE_STANDARD = "gnu++0x";
				CLANG_CXX_LIBRARY = "libc++";
				CLANG_ENABLE_MODULES = YES;
				CLANG_ENABLE_OBJC_ARC = YES;
				CLANG_WARN_BOOL_CONVERSION = YES;
				CLANG_WARN_CONSTANT_CONVERSION = YES;
				CLANG_WARN_DIRECT_OBJC_ISA_USAGE = YES_ERROR;
				CLANG_WARN_EMPTY_BODY = YES;
				CLANG_WARN_ENUM_CONVERSION = YES;
				CLANG_WARN_INT_CONVERSION = YES;
				CLANG_WARN_OBJC_ROOT_CLASS = YES_ERROR;
				CLANG_WARN_UNREACHABLE_CODE = YES;
				CLANG_WARN__DUPLICATE_METHOD_MATCH = YES;
				"CODE_SIGN_IDENTITY[sdk=iphoneos*]" = "iPhone Developer";
				COPY_PHASE_STRIP = NO;
				DEBUG_INFORMATION_FORMAT = dwarf;
				ENABLE_STRICT_OBJC_MSGSEND = YES;
				ENABLE_TESTABILITY = YES;
				GCC_C_LANGUAGE_STANDARD = gnu99;
				GCC_DYNAMIC_NO_PIC = NO;
				GCC_NO_COMMON_BLOCKS = YES;
				GCC_OPTIMIZATION_LEVEL = 0;
				GCC_PREPROCESSOR_DEFINITIONS = (
					"DEBUG=1",
					"$(inherited)",
				);
				GCC_WARN_64_TO_32_BIT_CONVERSION = YES;
				GCC_WARN_ABOUT_RETURN_TYPE = YES_ERROR;
				GCC_WARN_UNDECLARED_SELECTOR = YES;
				GCC_WARN_UNINITIALIZED_AUTOS = YES_AGGRESSIVE;
				GCC_WARN_UNUSED_FUNCTION = YES;
				GCC_WARN_UNUSED_VARIABLE = YES;
				IPHONEOS_DEPLOYMENT_TARGET = 9.1;
				MTL_ENABLE_DEBUG_INFO = YES;
				ONLY_ACTIVE_ARCH = YES;
				SDKROOT = iphoneos;
			};
			name = Debug;
		};
		85F001581C33EFFE00DEE9E5 /* Release */ = {
			isa = XCBuildConfiguration;
			buildSettings = {
				ALWAYS_SEARCH_USER_PATHS = NO;
				CLANG_CXX_LANGUAGE_STANDARD = "gnu++0x";
				CLANG_CXX_LIBRARY = "libc++";
				CLANG_ENABLE_MODULES = YES;
				CLANG_ENABLE_OBJC_ARC = YES;
				CLANG_WARN_BOOL_CONVERSION = YES;
				CLANG_WARN_CONSTANT_CONVERSION = YES;
				CLANG_WARN_DIRECT_OBJC_ISA_USAGE = YES_ERROR;
				CLANG_WARN_EMPTY_BODY = YES;
				CLANG_WARN_ENUM_CONVERSION = YES;
				CLANG_WARN_INT_CONVERSION = YES;
				CLANG_WARN_OBJC_ROOT_CLASS = YES_ERROR;
				CLANG_WARN_UNREACHABLE_CODE = YES;
				CLANG_WARN__DUPLICATE_METHOD_MATCH = YES;
				"CODE_SIGN_IDENTITY[sdk=iphoneos*]" = "iPhone Developer";
				COPY_PHASE_STRIP = NO;
				DEBUG_INFORMATION_FORMAT = "dwarf-with-dsym";
				ENABLE_NS_ASSERTIONS = NO;
				ENABLE_STRICT_OBJC_MSGSEND = YES;
				GCC_C_LANGUAGE_STANDARD = gnu99;
				GCC_NO_COMMON_BLOCKS = YES;
				GCC_WARN_64_TO_32_BIT_CONVERSION = YES;
				GCC_WARN_ABOUT_RETURN_TYPE = YES_ERROR;
				GCC_WARN_UNDECLARED_SELECTOR = YES;
				GCC_WARN_UNINITIALIZED_AUTOS = YES_AGGRESSIVE;
				GCC_WARN_UNUSED_FUNCTION = YES;
				GCC_WARN_UNUSED_VARIABLE = YES;
				IPHONEOS_DEPLOYMENT_TARGET = 9.1;
				MTL_ENABLE_DEBUG_INFO = NO;
				SDKROOT = iphoneos;
				VALIDATE_PRODUCT = YES;
			};
			name = Release;
		};
		85F0015A1C33EFFE00DEE9E5 /* Debug */ = {
			isa = XCBuildConfiguration;
			buildSettings = {
				ASSETCATALOG_COMPILER_APPICON_NAME = AppIcon;
				INFOPLIST_FILE = yi/Info.plist;
				LD_RUNPATH_SEARCH_PATHS = "$(inherited) @executable_path/Frameworks";
				PRODUCT_BUNDLE_IDENTIFIER = com.tarena.yi;
				PRODUCT_NAME = "$(TARGET_NAME)";
			};
			name = Debug;
		};
		85F0015B1C33EFFE00DEE9E5 /* Release */ = {
			isa = XCBuildConfiguration;
			buildSettings = {
				ASSETCATALOG_COMPILER_APPICON_NAME = AppIcon;
				INFOPLIST_FILE = yi/Info.plist;
				LD_RUNPATH_SEARCH_PATHS = "$(inherited) @executable_path/Frameworks";
				PRODUCT_BUNDLE_IDENTIFIER = com.tarena.yi;
				PRODUCT_NAME = "$(TARGET_NAME)";
			};
			name = Release;
		};
/* End XCBuildConfiguration section */

/* Begin XCConfigurationList section */
		85F0013D1C33EFFE00DEE9E5 /* Build configuration list for PBXProject "yi" */ = {
			isa = XCConfigurationList;
			buildConfigurations = (
				85F001571C33EFFE00DEE9E5 /* Debug */,
				85F001581C33EFFE00DEE9E5 /* Release */,
			);
			defaultConfigurationIsVisible = 0;
			defaultConfigurationName = Release;
		};
		85F001591C33EFFE00DEE9E5 /* Build configuration list for PBXNativeTarget "yi" */ = {
			isa = XCConfigurationList;
			buildConfigurations = (
				85F0015A1C33EFFE00DEE9E5 /* Debug */,
				85F0015B1C33EFFE00DEE9E5 /* Release */,
			);
			defaultConfigurationIsVisible = 0;
			defaultConfigurationName = Release;
		};
/* End XCConfigurationList section */
	};
	rootObject = 85F0013A1C33EFFE00DEE9E5 /* Project object */;
}
